// !$*UTF8*$!
{
	archiveVersion = 1;
	classes = {
	};
	objectVersion = 46;
	objects = {

/* Begin PBXBuildFile section */
		3BFECE561CCA5DC6009BD4AB /* AppDelegate.swift in Sources */ = {isa = PBXBuildFile; fileRef = 3BFECE551CCA5DC6009BD4AB /* AppDelegate.swift */; };
		3BFECE581CCA5DC6009BD4AB /* ViewController.swift in Sources */ = {isa = PBXBuildFile; fileRef = 3BFECE571CCA5DC6009BD4AB /* ViewController.swift */; };
		3BFECE5B1CCA5DC6009BD4AB /* Main.storyboard in Resources */ = {isa = PBXBuildFile; fileRef = 3BFECE591CCA5DC6009BD4AB /* Main.storyboard */; };
		3BFECE5D1CCA5DC6009BD4AB /* Assets.xcassets in Resources */ = {isa = PBXBuildFile; fileRef = 3BFECE5C1CCA5DC6009BD4AB /* Assets.xcassets */; };
		3BFECE601CCA5DC6009BD4AB /* LaunchScreen.storyboard in Resources */ = {isa = PBXBuildFile; fileRef = 3BFECE5E1CCA5DC6009BD4AB /* LaunchScreen.storyboard */; };
/* End PBXBuildFile section */

/* Begin PBXFileReference section */
		3BFECE521CCA5DC6009BD4AB /* openlibrary.app */ = {isa = PBXFileReference; explicitFileType = wrapper.application; includeInIndex = 0; path = openlibrary.app; sourceTree = BUILT_PRODUCTS_DIR; };
		3BFECE551CCA5DC6009BD4AB /* AppDelegate.swift */ = {isa = PBXFileReference; lastKnownFileType = sourcecode.swift; path = AppDelegate.swift; sourceTree = "<group>"; };
		3BFECE571CCA5DC6009BD4AB /* ViewController.swift */ = {isa = PBXFileReference; lastKnownFileType = sourcecode.swift; path = ViewController.swift; sourceTree = "<group>"; };
		3BFECE5A1CCA5DC6009BD4AB /* Base */ = {isa = PBXFileReference; lastKnownFileType = file.storyboard; name = Base; path = Base.lproj/Main.storyboard; sourceTree = "<group>"; };
		3BFECE5C1CCA5DC6009BD4AB /* Assets.xcassets */ = {isa = PBXFileReference; lastKnownFileType = folder.assetcatalog; path = Assets.xcassets; sourceTree = "<group>"; };
		3BFECE5F1CCA5DC6009BD4AB /* Base */ = {isa = PBXFileReference; lastKnownFileType = file.storyboard; name = Base; path = Base.lproj/LaunchScreen.storyboard; sourceTree = "<group>"; };
		3BFECE611CCA5DC6009BD4AB /* Info.plist */ = {isa = PBXFileReference; lastKnownFileType = text.plist.xml; path = Info.plist; sourceTree = "<group>"; };
/* End PBXFileReference section */

/* Begin PBXFrameworksBuildPhase section */
		3BFECE4F1CCA5DC6009BD4AB /* Frameworks */ = {
			isa = PBXFrameworksBuildPhase;
			buildActionMask = 2147483647;
			files = (
			);
			runOnlyForDeploymentPostprocessing = 0;
		};
/* End PBXFrameworksBuildPhase section */

/* Begin PBXGroup section */
		3BFECE491CCA5DC6009BD4AB = {
			isa = PBXGroup;
			children = (
				3BFECE541CCA5DC6009BD4AB /* openlibrary */,
				3BFECE531CCA5DC6009BD4AB /* Products */,
			);
			sourceTree = "<group>";
		};
		3BFECE531CCA5DC6009BD4AB /* Products */ = {
			isa = PBXGroup;
			children = (
				3BFECE521CCA5DC6009BD4AB /* openlibrary.app */,
			);
			name = Products;
			sourceTree = "<group>";
		};
		3BFECE541CCA5DC6009BD4AB /* openlibrary */ = {
			isa = PBXGroup;
			children = (
				3BFECE551CCA5DC6009BD4AB /* AppDelegate.swift */,
				3BFECE571CCA5DC6009BD4AB /* ViewController.swift */,
				3BFECE591CCA5DC6009BD4AB /* Main.storyboard */,
				3BFECE5C1CCA5DC6009BD4AB /* Assets.xcassets */,
				3BFECE5E1CCA5DC6009BD4AB /* LaunchScreen.storyboard */,
				3BFECE611CCA5DC6009BD4AB /* Info.plist */,
			);
			path = openlibrary;
			sourceTree = "<group>";
		};
/* End PBXGroup section */

/* Begin PBXNativeTarget section */
		3BFECE511CCA5DC6009BD4AB /* openlibrary */ = {
			isa = PBXNativeTarget;
			buildConfigurationList = 3BFECE641CCA5DC6009BD4AB /* Build configuration list for PBXNativeTarget "openlibrary" */;
			buildPhases = (
				3BFECE4E1CCA5DC6009BD4AB /* Sources */,
				3BFECE4F1CCA5DC6009BD4AB /* Frameworks */,
				3BFECE501CCA5DC6009BD4AB /* Resources */,
			);
			buildRules = (
			);
			dependencies = (
			);
			name = openlibrary;
			productName = openlibrary;
			productReference = 3BFECE521CCA5DC6009BD4AB /* openlibrary.app */;
			productType = "com.apple.product-type.application";
		};
/* End PBXNativeTarget section */

/* Begin PBXProject section */
		3BFECE4A1CCA5DC6009BD4AB /* Project object */ = {
			isa = PBXProject;
			attributes = {
				LastSwiftUpdateCheck = 0730;
				LastUpgradeCheck = 0730;
				ORGANIZATIONNAME = "Alejandro Veiga López";
				TargetAttributes = {
					3BFECE511CCA5DC6009BD4AB = {
						CreatedOnToolsVersion = 7.3;
					};
				};
			};
			buildConfigurationList = 3BFECE4D1CCA5DC6009BD4AB /* Build configuration list for PBXProject "openlibrary" */;
			compatibilityVersion = "Xcode 3.2";
			developmentRegion = English;
			hasScannedForEncodings = 0;
			knownRegions = (
				en,
				Base,
			);
			mainGroup = 3BFECE491CCA5DC6009BD4AB;
			productRefGroup = 3BFECE531CCA5DC6009BD4AB /* Products */;
			projectDirPath = "";
			projectRoot = "";
			targets = (
				3BFECE511CCA5DC6009BD4AB /* openlibrary */,
			);
		};
/* End PBXProject section */

/* Begin PBXResourcesBuildPhase section */
		3BFECE501CCA5DC6009BD4AB /* Resources */ = {
			isa = PBXResourcesBuildPhase;
			buildActionMask = 2147483647;
			files = (
				3BFECE601CCA5DC6009BD4AB /* LaunchScreen.storyboard in Resources */,
				3BFECE5D1CCA5DC6009BD4AB /* Assets.xcassets in Resources */,
				3BFECE5B1CCA5DC6009BD4AB /* Main.storyboard in Resources */,
			);
			runOnlyForDeploymentPostprocessing = 0;
		};
/* End PBXResourcesBuildPhase section */

/* Begin PBXSourcesBuildPhase section */
		3BFECE4E1CCA5DC6009BD4AB /* Sources */ = {
			isa = PBXSourcesBuildPhase;
			buildActionMask = 2147483647;
			files = (
				3BFECE581CCA5DC6009BD4AB /* ViewController.swift in Sources */,
				3BFECE561CCA5DC6009BD4AB /* AppDelegate.swift in Sources */,
			);
			runOnlyForDeploymentPostprocessing = 0;
		};
/* End PBXSourcesBuildPhase section */

/* Begin PBXVariantGroup section */
		3BFECE591CCA5DC6009BD4AB /* Main.storyboard */ = {
			isa = PBXVariantGroup;
			children = (
				3BFECE5A1CCA5DC6009BD4AB /* Base */,
			);
			name = Main.storyboard;
			sourceTree = "<group>";
		};
		3BFECE5E1CCA5DC6009BD4AB /* LaunchScreen.storyboard */ = {
			isa = PBXVariantGroup;
			children = (
				3BFECE5F1CCA5DC6009BD4AB /* Base */,
			);
			name = LaunchScreen.storyboard;
			sourceTree = "<group>";
		};
/* End PBXVariantGroup section */

/* Begin XCBuildConfiguration section */
		3BFECE621CCA5DC6009BD4AB /* Debug */ = {
			isa = XCBuildConfiguration;
			buildSettings = {
				ALWAYS_SEARCH_USER_PATHS = NO;
				CLANG_ANALYZER_NONNULL = YES;
				CLANG_CXX_LANGUAGE_STANDARD = "gnu++0x";
				CLANG_CXX_LIBRARY = "libc++";
				CLANG_ENABLE_MODULES = YES;
				CLANG_ENABLE_OBJC_ARC = YES;
				CLANG_WARN_BOOL_CONVERSION = YES;
				CLANG_WARN_CONSTANT_CONVERSION = YES;
				CLANG_WARN_DIRECT_OBJC_ISA_USAGE = YES_ERROR;
				CLANG_WARN_EMPTY_BODY = YES;
				CLANG_WARN_ENUM_CONVERSION = YES;
				CLANG_WARN_INT_CONVERSION = YES;
				CLANG_WARN_OBJC_ROOT_CLASS = YES_ERROR;
				CLANG_WARN_UNREACHABLE_CODE = YES;
				CLANG_WARN__DUPLICATE_METHOD_MATCH = YES;
				"CODE_SIGN_IDENTITY[sdk=iphoneos*]" = "iPhone Developer";
				COPY_PHASE_STRIP = NO;
				DEBUG_INFORMATION_FORMAT = dwarf;
				ENABLE_STRICT_OBJC_MSGSEND = YES;
				ENABLE_TESTABILITY = YES;
				GCC_C_LANGUAGE_STANDARD = gnu99;
				GCC_DYNAMIC_NO_PIC = NO;
				GCC_NO_COMMON_BLOCKS = YES;
				GCC_OPTIMIZATION_LEVEL = 0;
				GCC_PREPROCESSOR_DEFINITIONS = (
					"DEBUG=1",
					"$(inherited)",
				);
				GCC_WARN_64_TO_32_BIT_CONVERSION = YES;
				GCC_WARN_ABOUT_RETURN_TYPE = YES_ERROR;
				GCC_WARN_UNDECLARED_SELECTOR = YES;
				GCC_WARN_UNINITIALIZED_AUTOS = YES_AGGRESSIVE;
				GCC_WARN_UNUSED_FUNCTION = YES;
				GCC_WARN_UNUSED_VARIABLE = YES;
				IPHONEOS_DEPLOYMENT_TARGET = 9.3;
				MTL_ENABLE_DEBUG_INFO = YES;
				ONLY_ACTIVE_ARCH = YES;
				SDKROOT = iphoneos;
				SWIFT_OPTIMIZATION_LEVEL = "-Onone";
			};
			name = Debug;
		};
		3BFECE631CCA5DC6009BD4AB /* Release */ = {
			isa = XCBuildConfiguration;
			buildSettings = {
				ALWAYS_SEARCH_USER_PATHS = NO;
				CLANG_ANALYZER_NONNULL = YES;
				CLANG_CXX_LANGUAGE_STANDARD = "gnu++0x";
				CLANG_CXX_LIBRARY = "libc++";
				CLANG_ENABLE_MODULES = YES;
				CLANG_ENABLE_OBJC_ARC = YES;
				CLANG_WARN_BOOL_CONVERSION = YES;
				CLANG_WARN_CONSTANT_CONVERSION = YES;
				CLANG_WARN_DIRECT_OBJC_ISA_USAGE = YES_ERROR;
				CLANG_WARN_EMPTY_BODY = YES;
				CLANG_WARN_ENUM_CONVERSION = YES;
				CLANG_WARN_INT_CONVERSION = YES;
				CLANG_WARN_OBJC_ROOT_CLASS = YES_ERROR;
				CLANG_WARN_UNREACHABLE_CODE = YES;
				CLANG_WARN__DUPLICATE_METHOD_MATCH = YES;
				"CODE_SIGN_IDENTITY[sdk=iphoneos*]" = "iPhone Developer";
				COPY_PHASE_STRIP = NO;
				DEBUG_INFORMATION_FORMAT = "dwarf-with-dsym";
				ENABLE_NS_ASSERTIONS = NO;
				ENABLE_STRICT_OBJC_MSGSEND = YES;
				GCC_C_LANGUAGE_STANDARD = gnu99;
				GCC_NO_COMMON_BLOCKS = YES;
				GCC_WARN_64_TO_32_BIT_CONVERSION = YES;
				GCC_WARN_ABOUT_RETURN_TYPE = YES_ERROR;
				GCC_WARN_UNDECLARED_SELECTOR = YES;
				GCC_WARN_UNINITIALIZED_AUTOS = YES_AGGRESSIVE;
				GCC_WARN_UNUSED_FUNCTION = YES;
				GCC_WARN_UNUSED_VARIABLE = YES;
				IPHONEOS_DEPLOYMENT_TARGET = 9.3;
				MTL_ENABLE_DEBUG_INFO = NO;
				SDKROOT = iphoneos;
				VALIDATE_PRODUCT = YES;
			};
			name = Release;
		};
		3BFECE651CCA5DC6009BD4AB /* Debug */ = {
			isa = XCBuildConfiguration;
			buildSettings = {
				ASSETCATALOG_COMPILER_APPICON_NAME = AppIcon;
				CODE_SIGN_IDENTITY = "iPhone Developer";
				INFOPLIST_FILE = openlibrary/Info.plist;
				LD_RUNPATH_SEARCH_PATHS = "$(inherited) @executable_path/Frameworks";
				PRODUCT_BUNDLE_IDENTIFIER = com.alex.openlibrary;
				PRODUCT_NAME = "$(TARGET_NAME)";
				TARGETED_DEVICE_FAMILY = "1,2";
			};
			name = Debug;
		};
		3BFECE661CCA5DC6009BD4AB /* Release */ = {
			isa = XCBuildConfiguration;
			buildSettings = {
				ASSETCATALOG_COMPILER_APPICON_NAME = AppIcon;
				CODE_SIGN_IDENTITY = "iPhone Developer";
				INFOPLIST_FILE = openlibrary/Info.plist;
				LD_RUNPATH_SEARCH_PATHS = "$(inherited) @executable_path/Frameworks";
				PRODUCT_BUNDLE_IDENTIFIER = com.alex.openlibrary;
				PRODUCT_NAME = "$(TARGET_NAME)";
				TARGETED_DEVICE_FAMILY = "1,2";
			};
			name = Release;
		};
/* End XCBuildConfiguration section */

/* Begin XCConfigurationList section */
		3BFECE4D1CCA5DC6009BD4AB /* Build configuration list for PBXProject "openlibrary" */ = {
			isa = XCConfigurationList;
			buildConfigurations = (
				3BFECE621CCA5DC6009BD4AB /* Debug */,
				3BFECE631CCA5DC6009BD4AB /* Release */,
			);
			defaultConfigurationIsVisible = 0;
			defaultConfigurationName = Release;
		};
		3BFECE641CCA5DC6009BD4AB /* Build configuration list for PBXNativeTarget "openlibrary" */ = {
			isa = XCConfigurationList;
			buildConfigurations = (
				3BFECE651CCA5DC6009BD4AB /* Debug */,
				3BFECE661CCA5DC6009BD4AB /* Release */,
			);
			defaultConfigurationIsVisible = 0;
		};
/* End XCConfigurationList section */
	};
	rootObject = 3BFECE4A1CCA5DC6009BD4AB /* Project object */;
}
